
Microsoft Visual Studio Solution File, Format Version 12.00
# Visual Studio 14
VisualStudioVersion = 14.0.25420.1
MinimumVisualStudioVersion = 10.0.40219.1
Project("{FAE04EC0-301F-11D3-BF4B-00C04F79EFBC}") = "Quiron.LojaVirtual.Dominio", "Quiron.LojaVirtual.Dominio\Quiron.LojaVirtual.Dominio.csproj", "{65E1BE41-ACE5-47E8-85EB-077C91E6A973}"
EndProject
Project("{FAE04EC0-301F-11D3-BF4B-00C04F79EFBC}") = "Quiron.LojaVirtual.Web", "Quiron.LojaVirtual.Web\Quiron.LojaVirtual.Web.csproj", "{E52CF557-225C-4C59-8FB4-9AF1E687CBEB}"
EndProject
Project("{FAE04EC0-301F-11D3-BF4B-00C04F79EFBC}") = "Quiron.LojaVirtual.UnitTest", "Quiron.LojaVirtual.UnitTest\Quiron.LojaVirtual.UnitTest.csproj", "{9D93A4BB-051D-41A3-9809-9F11206D00DA}"
EndProject
Global
	GlobalSection(SolutionConfigurationPlatforms) = preSolution
		Debug|Any CPU = Debug|Any CPU
		Release|Any CPU = Release|Any CPU
	EndGlobalSection
	GlobalSection(ProjectConfigurationPlatforms) = postSolution
		{65E1BE41-ACE5-47E8-85EB-077C91E6A973}.Debug|Any CPU.ActiveCfg = Debug|Any CPU
		{65E1BE41-ACE5-47E8-85EB-077C91E6A973}.Debug|Any CPU.Build.0 = Debug|Any CPU
		{65E1BE41-ACE5-47E8-85EB-077C91E6A973}.Release|Any CPU.ActiveCfg = Release|Any CPU
		{65E1BE41-ACE5-47E8-85EB-077C91E6A973}.Release|Any CPU.Build.0 = Release|Any CPU
		{E52CF557-225C-4C59-8FB4-9AF1E687CBEB}.Debug|Any CPU.ActiveCfg = Debug|Any CPU
		{E52CF557-225C-4C59-8FB4-9AF1E687CBEB}.Debug|Any CPU.Build.0 = Debug|Any CPU
		{E52CF557-225C-4C59-8FB4-9AF1E687CBEB}.Release|Any CPU.ActiveCfg = Release|Any CPU
		{E52CF557-225C-4C59-8FB4-9AF1E687CBEB}.Release|Any CPU.Build.0 = Release|Any CPU
		{9D93A4BB-051D-41A3-9809-9F11206D00DA}.Debug|Any CPU.ActiveCfg = Debug|Any CPU
		{9D93A4BB-051D-41A3-9809-9F11206D00DA}.Debug|Any CPU.Build.0 = Debug|Any CPU
		{9D93A4BB-051D-41A3-9809-9F11206D00DA}.Release|Any CPU.ActiveCfg = Release|Any CPU
		{9D93A4BB-051D-41A3-9809-9F11206D00DA}.Release|Any CPU.Build.0 = Release|Any CPU
	EndGlobalSection
	GlobalSection(SolutionProperties) = preSolution
		HideSolutionNode = FALSE
	EndGlobalSection
EndGlobal
